// !$*UTF8*$!
{
	archiveVersion = 1;
	classes = {
	};
	objectVersion = 56;
	objects = {

/* Begin PBXBuildFile section */
		4295B87228D15F7B0033708F /* AppDelegate.swift in Sources */ = {isa = PBXBuildFile; fileRef = 4295B87128D15F7B0033708F /* AppDelegate.swift */; };
		4295B87428D15F7B0033708F /* SceneDelegate.swift in Sources */ = {isa = PBXBuildFile; fileRef = 4295B87328D15F7B0033708F /* SceneDelegate.swift */; };
		4295B87628D15F7B0033708F /* ViewController.swift in Sources */ = {isa = PBXBuildFile; fileRef = 4295B87528D15F7B0033708F /* ViewController.swift */; };
		4295B87928D15F7B0033708F /* Main.storyboard in Resources */ = {isa = PBXBuildFile; fileRef = 4295B87728D15F7B0033708F /* Main.storyboard */; };
		4295B87B28D15F7C0033708F /* Assets.xcassets in Resources */ = {isa = PBXBuildFile; fileRef = 4295B87A28D15F7C0033708F /* Assets.xcassets */; };
		4295B87E28D15F7C0033708F /* LaunchScreen.storyboard in Resources */ = {isa = PBXBuildFile; fileRef = 4295B87C28D15F7C0033708F /* LaunchScreen.storyboard */; };
		4295B88628D160360033708F /* BoyTableViewCell.swift in Sources */ = {isa = PBXBuildFile; fileRef = 4295B88528D160360033708F /* BoyTableViewCell.swift */; };
		4295B88A28D161350033708F /* GirlTableViewCell.swift in Sources */ = {isa = PBXBuildFile; fileRef = 4295B88928D161350033708F /* GirlTableViewCell.swift */; };
		4295B88C28D1619C0033708F /* ChatViewController.swift in Sources */ = {isa = PBXBuildFile; fileRef = 4295B88B28D1619C0033708F /* ChatViewController.swift */; };
		4295B88F28D162630033708F /* LyricsModel.swift in Sources */ = {isa = PBXBuildFile; fileRef = 4295B88E28D162630033708F /* LyricsModel.swift */; };
/* End PBXBuildFile section */

/* Begin PBXFileReference section */
		4295B86E28D15F7B0033708F /* TalkApp.app */ = {isa = PBXFileReference; explicitFileType = wrapper.application; includeInIndex = 0; path = TalkApp.app; sourceTree = BUILT_PRODUCTS_DIR; };
		4295B87128D15F7B0033708F /* AppDelegate.swift */ = {isa = PBXFileReference; lastKnownFileType = sourcecode.swift; path = AppDelegate.swift; sourceTree = "<group>"; };
		4295B87328D15F7B0033708F /* SceneDelegate.swift */ = {isa = PBXFileReference; lastKnownFileType = sourcecode.swift; path = SceneDelegate.swift; sourceTree = "<group>"; };
		4295B87528D15F7B0033708F /* ViewController.swift */ = {isa = PBXFileReference; lastKnownFileType = sourcecode.swift; path = ViewController.swift; sourceTree = "<group>"; };
		4295B87828D15F7B0033708F /* Base */ = {isa = PBXFileReference; lastKnownFileType = file.storyboard; name = Base; path = Base.lproj/Main.storyboard; sourceTree = "<group>"; };
		4295B87A28D15F7C0033708F /* Assets.xcassets */ = {isa = PBXFileReference; lastKnownFileType = folder.assetcatalog; path = Assets.xcassets; sourceTree = "<group>"; };
		4295B87D28D15F7C0033708F /* Base */ = {isa = PBXFileReference; lastKnownFileType = file.storyboard; name = Base; path = Base.lproj/LaunchScreen.storyboard; sourceTree = "<group>"; };
		4295B87F28D15F7C0033708F /* Info.plist */ = {isa = PBXFileReference; lastKnownFileType = text.plist.xml; path = Info.plist; sourceTree = "<group>"; };
		4295B88528D160360033708F /* BoyTableViewCell.swift */ = {isa = PBXFileReference; lastKnownFileType = sourcecode.swift; path = BoyTableViewCell.swift; sourceTree = "<group>"; };
		4295B88928D161350033708F /* GirlTableViewCell.swift */ = {isa = PBXFileReference; lastKnownFileType = sourcecode.swift; path = GirlTableViewCell.swift; sourceTree = "<group>"; };
		4295B88B28D1619C0033708F /* ChatViewController.swift */ = {isa = PBXFileReference; lastKnownFileType = sourcecode.swift; name = ChatViewController.swift; path = Controller/ChatViewController.swift; sourceTree = SOURCE_ROOT; };
		4295B88E28D162630033708F /* LyricsModel.swift */ = {isa = PBXFileReference; lastKnownFileType = sourcecode.swift; path = LyricsModel.swift; sourceTree = "<group>"; };
/* End PBXFileReference section */

/* Begin PBXFrameworksBuildPhase section */
		4295B86B28D15F7B0033708F /* Frameworks */ = {
			isa = PBXFrameworksBuildPhase;
			buildActionMask = 2147483647;
			files = (
			);
			runOnlyForDeploymentPostprocessing = 0;
		};
/* End PBXFrameworksBuildPhase section */

/* Begin PBXGroup section */
		4295B86528D15F7B0033708F = {
			isa = PBXGroup;
			children = (
				4295B88728D1603D0033708F /* Model */,
				4295B88828D1604E0033708F /* View */,
				4295B88D28D161A20033708F /* Controller */,
				4295B87028D15F7B0033708F /* TalkApp */,
				4295B86F28D15F7B0033708F /* Products */,
			);
			sourceTree = "<group>";
		};
		4295B86F28D15F7B0033708F /* Products */ = {
			isa = PBXGroup;
			children = (
				4295B86E28D15F7B0033708F /* TalkApp.app */,
			);
			name = Products;
			sourceTree = "<group>";
		};
		4295B87028D15F7B0033708F /* TalkApp */ = {
			isa = PBXGroup;
			children = (
				4295B87128D15F7B0033708F /* AppDelegate.swift */,
				4295B87328D15F7B0033708F /* SceneDelegate.swift */,
				4295B87528D15F7B0033708F /* ViewController.swift */,
				4295B87728D15F7B0033708F /* Main.storyboard */,
				4295B87A28D15F7C0033708F /* Assets.xcassets */,
				4295B87C28D15F7C0033708F /* LaunchScreen.storyboard */,
				4295B87F28D15F7C0033708F /* Info.plist */,
			);
			path = TalkApp;
			sourceTree = "<group>";
		};
		4295B88728D1603D0033708F /* Model */ = {
			isa = PBXGroup;
			children = (
				4295B88E28D162630033708F /* LyricsModel.swift */,
			);
			path = Model;
			sourceTree = "<group>";
		};
		4295B88828D1604E0033708F /* View */ = {
			isa = PBXGroup;
			children = (
				4295B88528D160360033708F /* BoyTableViewCell.swift */,
				4295B88928D161350033708F /* GirlTableViewCell.swift */,
			);
			path = View;
			sourceTree = "<group>";
		};
		4295B88D28D161A20033708F /* Controller */ = {
			isa = PBXGroup;
			children = (
				4295B88B28D1619C0033708F /* ChatViewController.swift */,
			);
			path = Controller;
			sourceTree = "<group>";
		};
/* End PBXGroup section */

/* Begin PBXNativeTarget section */
		4295B86D28D15F7B0033708F /* TalkApp */ = {
			isa = PBXNativeTarget;
			buildConfigurationList = 4295B88228D15F7C0033708F /* Build configuration list for PBXNativeTarget "TalkApp" */;
			buildPhases = (
				4295B86A28D15F7B0033708F /* Sources */,
				4295B86B28D15F7B0033708F /* Frameworks */,
				4295B86C28D15F7B0033708F /* Resources */,
			);
			buildRules = (
			);
			dependencies = (
			);
			name = TalkApp;
			productName = TalkApp;
			productReference = 4295B86E28D15F7B0033708F /* TalkApp.app */;
			productType = "com.apple.product-type.application";
		};
/* End PBXNativeTarget section */

/* Begin PBXProject section */
		4295B86628D15F7B0033708F /* Project object */ = {
			isa = PBXProject;
			attributes = {
				BuildIndependentTargetsInParallel = 1;
				LastSwiftUpdateCheck = 1400;
				LastUpgradeCheck = 1400;
				TargetAttributes = {
					4295B86D28D15F7B0033708F = {
						CreatedOnToolsVersion = 14.0;
					};
				};
			};
			buildConfigurationList = 4295B86928D15F7B0033708F /* Build configuration list for PBXProject "TalkApp" */;
			compatibilityVersion = "Xcode 14.0";
			developmentRegion = en;
			hasScannedForEncodings = 0;
			knownRegions = (
				en,
				Base,
			);
			mainGroup = 4295B86528D15F7B0033708F;
			productRefGroup = 4295B86F28D15F7B0033708F /* Products */;
			projectDirPath = "";
			projectRoot = "";
			targets = (
				4295B86D28D15F7B0033708F /* TalkApp */,
			);
		};
/* End PBXProject section */

/* Begin PBXResourcesBuildPhase section */
		4295B86C28D15F7B0033708F /* Resources */ = {
			isa = PBXResourcesBuildPhase;
			buildActionMask = 2147483647;
			files = (
				4295B87E28D15F7C0033708F /* LaunchScreen.storyboard in Resources */,
				4295B87B28D15F7C0033708F /* Assets.xcassets in Resources */,
				4295B87928D15F7B0033708F /* Main.storyboard in Resources */,
			);
			runOnlyForDeploymentPostprocessing = 0;
		};
/* End PBXResourcesBuildPhase section */

/* Begin PBXSourcesBuildPhase section */
		4295B86A28D15F7B0033708F /* Sources */ = {
			isa = PBXSourcesBuildPhase;
			buildActionMask = 2147483647;
			files = (
				4295B88F28D162630033708F /* LyricsModel.swift in Sources */,
				4295B87628D15F7B0033708F /* ViewController.swift in Sources */,
				4295B87228D15F7B0033708F /* AppDelegate.swift in Sources */,
				4295B88628D160360033708F /* BoyTableViewCell.swift in Sources */,
				4295B88A28D161350033708F /* GirlTableViewCell.swift in Sources */,
				4295B88C28D1619C0033708F /* ChatViewController.swift in Sources */,
				4295B87428D15F7B0033708F /* SceneDelegate.swift in Sources */,
			);
			runOnlyForDeploymentPostprocessing = 0;
		};
/* End PBXSourcesBuildPhase section */

/* Begin PBXVariantGroup section */
		4295B87728D15F7B0033708F /* Main.storyboard */ = {
			isa = PBXVariantGroup;
			children = (
				4295B87828D15F7B0033708F /* Base */,
			);
			name = Main.storyboard;
			sourceTree = "<group>";
		};
		4295B87C28D15F7C0033708F /* LaunchScreen.storyboard */ = {
			isa = PBXVariantGroup;
			children = (
				4295B87D28D15F7C0033708F /* Base */,
			);
			name = LaunchScreen.storyboard;
			sourceTree = "<group>";
		};
/* End PBXVariantGroup section */

/* Begin XCBuildConfiguration section */
		4295B88028D15F7C0033708F /* Debug */ = {
			isa = XCBuildConfiguration;
			buildSettings = {
				ALWAYS_SEARCH_USER_PATHS = NO;
				CLANG_ANALYZER_NONNULL = YES;
				CLANG_ANALYZER_NUMBER_OBJECT_CONVERSION = YES_AGGRESSIVE;
				CLANG_CXX_LANGUAGE_STANDARD = "gnu++20";
				CLANG_ENABLE_MODULES = YES;
				CLANG_ENABLE_OBJC_ARC = YES;
				CLANG_ENABLE_OBJC_WEAK = YES;
				CLANG_WARN_BLOCK_CAPTURE_AUTORELEASING = YES;
				CLANG_WARN_BOOL_CONVERSION = YES;
				CLANG_WARN_COMMA = YES;
				CLANG_WARN_CONSTANT_CONVERSION = YES;
				CLANG_WARN_DEPRECATED_OBJC_IMPLEMENTATIONS = YES;
				CLANG_WARN_DIRECT_OBJC_ISA_USAGE = YES_ERROR;
				CLANG_WARN_DOCUMENTATION_COMMENTS = YES;
				CLANG_WARN_EMPTY_BODY = YES;
				CLANG_WARN_ENUM_CONVERSION = YES;
				CLANG_WARN_INFINITE_RECURSION = YES;
				CLANG_WARN_INT_CONVERSION = YES;
				CLANG_WARN_NON_LITERAL_NULL_CONVERSION = YES;
				CLANG_WARN_OBJC_IMPLICIT_RETAIN_SELF = YES;
				CLANG_WARN_OBJC_LITERAL_CONVERSION = YES;
				CLANG_WARN_OBJC_ROOT_CLASS = YES_ERROR;
				CLANG_WARN_QUOTED_INCLUDE_IN_FRAMEWORK_HEADER = YES;
				CLANG_WARN_RANGE_LOOP_ANALYSIS = YES;
				CLANG_WARN_STRICT_PROTOTYPES = YES;
				CLANG_WARN_SUSPICIOUS_MOVE = YES;
				CLANG_WARN_UNGUARDED_AVAILABILITY = YES_AGGRESSIVE;
				CLANG_WARN_UNREACHABLE_CODE = YES;
				CLANG_WARN__DUPLICATE_METHOD_MATCH = YES;
				COPY_PHASE_STRIP = NO;
				DEBUG_INFORMATION_FORMAT = dwarf;
				ENABLE_STRICT_OBJC_MSGSEND = YES;
				ENABLE_TESTABILITY = YES;
				GCC_C_LANGUAGE_STANDARD = gnu11;
				GCC_DYNAMIC_NO_PIC = NO;
				GCC_NO_COMMON_BLOCKS = YES;
				GCC_OPTIMIZATION_LEVEL = 0;
				GCC_PREPROCESSOR_DEFINITIONS = (
					"DEBUG=1",
					"$(inherited)",
				);
				GCC_WARN_64_TO_32_BIT_CONVERSION = YES;
				GCC_WARN_ABOUT_RETURN_TYPE = YES_ERROR;
				GCC_WARN_UNDECLARED_SELECTOR = YES;
				GCC_WARN_UNINITIALIZED_AUTOS = YES_AGGRESSIVE;
				GCC_WARN_UNUSED_FUNCTION = YES;
				GCC_WARN_UNUSED_VARIABLE = YES;
				IPHONEOS_DEPLOYMENT_TARGET = 16.0;
				MTL_ENABLE_DEBUG_INFO = INCLUDE_SOURCE;
				MTL_FAST_MATH = YES;
				ONLY_ACTIVE_ARCH = YES;
				SDKROOT = iphoneos;
				SWIFT_ACTIVE_COMPILATION_CONDITIONS = DEBUG;
				SWIFT_OPTIMIZATION_LEVEL = "-Onone";
			};
			name = Debug;
		};
		4295B88128D15F7C0033708F /* Release */ = {
			isa = XCBuildConfiguration;
			buildSettings = {
				ALWAYS_SEARCH_USER_PATHS = NO;
				CLANG_ANALYZER_NONNULL = YES;
				CLANG_ANALYZER_NUMBER_OBJECT_CONVERSION = YES_AGGRESSIVE;
				CLANG_CXX_LANGUAGE_STANDARD = "gnu++20";
				CLANG_ENABLE_MODULES = YES;
				CLANG_ENABLE_OBJC_ARC = YES;
				CLANG_ENABLE_OBJC_WEAK = YES;
				CLANG_WARN_BLOCK_CAPTURE_AUTORELEASING = YES;
				CLANG_WARN_BOOL_CONVERSION = YES;
				CLANG_WARN_COMMA = YES;
				CLANG_WARN_CONSTANT_CONVERSION = YES;
				CLANG_WARN_DEPRECATED_OBJC_IMPLEMENTATIONS = YES;
				CLANG_WARN_DIRECT_OBJC_ISA_USAGE = YES_ERROR;
				CLANG_WARN_DOCUMENTATION_COMMENTS = YES;
				CLANG_WARN_EMPTY_BODY = YES;
				CLANG_WARN_ENUM_CONVERSION = YES;
				CLANG_WARN_INFINITE_RECURSION = YES;
				CLANG_WARN_INT_CONVERSION = YES;
				CLANG_WARN_NON_LITERAL_NULL_CONVERSION = YES;
				CLANG_WARN_OBJC_IMPLICIT_RETAIN_SELF = YES;
				CLANG_WARN_OBJC_LITERAL_CONVERSION = YES;
				CLANG_WARN_OBJC_ROOT_CLASS = YES_ERROR;
				CLANG_WARN_QUOTED_INCLUDE_IN_FRAMEWORK_HEADER = YES;
				CLANG_WARN_RANGE_LOOP_ANALYSIS = YES;
				CLANG_WARN_STRICT_PROTOTYPES = YES;
				CLANG_WARN_SUSPICIOUS_MOVE = YES;
				CLANG_WARN_UNGUARDED_AVAILABILITY = YES_AGGRESSIVE;
				CLANG_WARN_UNREACHABLE_CODE = YES;
				CLANG_WARN__DUPLICATE_METHOD_MATCH = YES;
				COPY_PHASE_STRIP = NO;
				DEBUG_INFORMATION_FORMAT = "dwarf-with-dsym";
				ENABLE_NS_ASSERTIONS = NO;
				ENABLE_STRICT_OBJC_MSGSEND = YES;
				GCC_C_LANGUAGE_STANDARD = gnu11;
				GCC_NO_COMMON_BLOCKS = YES;
				GCC_WARN_64_TO_32_BIT_CONVERSION = YES;
				GCC_WARN_ABOUT_RETURN_TYPE = YES_ERROR;
				GCC_WARN_UNDECLARED_SELECTOR = YES;
				GCC_WARN_UNINITIALIZED_AUTOS = YES_AGGRESSIVE;
				GCC_WARN_UNUSED_FUNCTION = YES;
				GCC_WARN_UNUSED_VARIABLE = YES;
				IPHONEOS_DEPLOYMENT_TARGET = 16.0;
				MTL_ENABLE_DEBUG_INFO = NO;
				MTL_FAST_MATH = YES;
				SDKROOT = iphoneos;
				SWIFT_COMPILATION_MODE = wholemodule;
				SWIFT_OPTIMIZATION_LEVEL = "-O";
				VALIDATE_PRODUCT = YES;
			};
			name = Release;
		};
		4295B88328D15F7C0033708F /* Debug */ = {
			isa = XCBuildConfiguration;
			buildSettings = {
				ASSETCATALOG_COMPILER_APPICON_NAME = AppIcon;
				ASSETCATALOG_COMPILER_GLOBAL_ACCENT_COLOR_NAME = AccentColor;
				CODE_SIGN_STYLE = Automatic;
				CURRENT_PROJECT_VERSION = 1;
				GENERATE_INFOPLIST_FILE = YES;
				INFOPLIST_FILE = TalkApp/Info.plist;
				INFOPLIST_KEY_UIApplicationSupportsIndirectInputEvents = YES;
				INFOPLIST_KEY_UILaunchStoryboardName = LaunchScreen;
				INFOPLIST_KEY_UIMainStoryboardFile = Main;
				INFOPLIST_KEY_UISupportedInterfaceOrientations_iPad = "UIInterfaceOrientationPortrait UIInterfaceOrientationPortraitUpsideDown UIInterfaceOrientationLandscapeLeft UIInterfaceOrientationLandscapeRight";
				INFOPLIST_KEY_UISupportedInterfaceOrientations_iPhone = "UIInterfaceOrientationPortrait UIInterfaceOrientationLandscapeLeft UIInterfaceOrientationLandscapeRight";
				IPHONEOS_DEPLOYMENT_TARGET = 15.5;
				LD_RUNPATH_SEARCH_PATHS = (
					"$(inherited)",
					"@executable_path/Frameworks",
				);
				MARKETING_VERSION = 1.0;
				PRODUCT_BUNDLE_IDENTIFIER = "croc0909-gmail.com.TalkApp";
				PRODUCT_NAME = "$(TARGET_NAME)";
				SWIFT_EMIT_LOC_STRINGS = YES;
				SWIFT_VERSION = 5.0;
				TARGETED_DEVICE_FAMILY = "1,2";
			};
			name = Debug;
		};
		4295B88428D15F7C0033708F /* Release */ = {
			isa = XCBuildConfiguration;
			buildSettings = {
				ASSETCATALOG_COMPILER_APPICON_NAME = AppIcon;
				ASSETCATALOG_COMPILER_GLOBAL_ACCENT_COLOR_NAME = AccentColor;
				CODE_SIGN_STYLE = Automatic;
				CURRENT_PROJECT_VERSION = 1;
				GENERATE_INFOPLIST_FILE = YES;
				INFOPLIST_FILE = TalkApp/Info.plist;
				INFOPLIST_KEY_UIApplicationSupportsIndirectInputEvents = YES;
				INFOPLIST_KEY_UILaunchStoryboardName = LaunchScreen;
				INFOPLIST_KEY_UIMainStoryboardFile = Main;
				INFOPLIST_KEY_UISupportedInterfaceOrientations_iPad = "UIInterfaceOrientationPortrait UIInterfaceOrientationPortraitUpsideDown UIInterfaceOrientationLandscapeLeft UIInterfaceOrientationLandscapeRight";
				INFOPLIST_KEY_UISupportedInterfaceOrientations_iPhone = "UIInterfaceOrientationPortrait UIInterfaceOrientationLandscapeLeft UIInterfaceOrientationLandscapeRight";
				IPHONEOS_DEPLOYMENT_TARGET = 15.5;
				LD_RUNPATH_SEARCH_PATHS = (
					"$(inherited)",
					"@executable_path/Frameworks",
				);
				MARKETING_VERSION = 1.0;
				PRODUCT_BUNDLE_IDENTIFIER = "croc0909-gmail.com.TalkApp";
				PRODUCT_NAME = "$(TARGET_NAME)";
				SWIFT_EMIT_LOC_STRINGS = YES;
				SWIFT_VERSION = 5.0;
				TARGETED_DEVICE_FAMILY = "1,2";
			};
			name = Release;
		};
/* End XCBuildConfiguration section */

/* Begin XCConfigurationList section */
		4295B86928D15F7B0033708F /* Build configuration list for PBXProject "TalkApp" */ = {
			isa = XCConfigurationList;
			buildConfigurations = (
				4295B88028D15F7C0033708F /* Debug */,
				4295B88128D15F7C0033708F /* Release */,
			);
			defaultConfigurationIsVisible = 0;
			defaultConfigurationName = Release;
		};
		4295B88228D15F7C0033708F /* Build configuration list for PBXNativeTarget "TalkApp" */ = {
			isa = XCConfigurationList;
			buildConfigurations = (
				4295B88328D15F7C0033708F /* Debug */,
				4295B88428D15F7C0033708F /* Release */,
			);
			defaultConfigurationIsVisible = 0;
			defaultConfigurationName = Release;
		};
/* End XCConfigurationList section */
	};
	rootObject = 4295B86628D15F7B0033708F /* Project object */;
}
